
Microsoft Visual Studio Solution File, Format Version 12.00
# Visual Studio Version 17
VisualStudioVersion = 17.1.32319.34
MinimumVisualStudioVersion = 10.0.40219.1
Project("{FAE04EC0-301F-11D3-BF4B-00C04F79EFBC}") = "Client", "Client\Client.csproj", "{427582F4-6599-4401-80B3-B26D8414FF66}"
EndProject
Project("{FAE04EC0-301F-11D3-BF4B-00C04F79EFBC}") = "MzghLib", "MzghLib\MzghLib.csproj", "{C4467E37-D433-4937-9B83-8AB2F29D7677}"
EndProject
Project("{9A19103F-16F7-4668-BE54-9A1E7A4F7556}") = "CoreApi", "CoreApi\CoreApi.csproj", "{A66CBAB4-76A9-4E33-8577-1C410156038A}"
EndProject
Project("{9A19103F-16F7-4668-BE54-9A1E7A4F7556}") = "CoreData", "CoreData\CoreData.csproj", "{9A457988-07A2-4239-B744-DD60E2899B46}"
EndProject
Project("{9A19103F-16F7-4668-BE54-9A1E7A4F7556}") = "CoreTest", "CoreTest\CoreTest.csproj", "{6C7A137A-44F0-4DFA-B829-FA5BBBF5489B}"
EndProject
Project("{FAE04EC0-301F-11D3-BF4B-00C04F79EFBC}") = "FastReportClient", "FastReportClient\FastReportClient.csproj", "{C045063B-580C-4043-9296-3D1A54952136}"
EndProject
Project("{FAE04EC0-301F-11D3-BF4B-00C04F79EFBC}") = "YbjsLib", "Ybjs\YbjsLib.csproj", "{9CE7EB0B-7619-4659-BD6F-5336DAA102C9}"
EndProject
Project("{54435603-DBB4-11D2-8724-00A0C9A8B90C}") = "Setup1", "Setup1\Setup1.vdproj", "{37316A09-F4AF-4DAA-8AA9-25E1CB7D0E6E}"
EndProject
Project("{FAE04EC0-301F-11D3-BF4B-00C04F79EFBC}") = "Midware", "Midware\Midware.csproj", "{3E6E36F2-0641-4B93-A148-8C616DFDE6E7}"
EndProject
Project("{FAE04EC0-301F-11D3-BF4B-00C04F79EFBC}") = "MainFrame", "MainFrame\MainFrame.csproj", "{99606880-7683-42FF-8785-3071ABE5080A}"
EndProject
Project("{9A19103F-16F7-4668-BE54-9A1E7A4F7556}") = "Test1112", "Test1112\Test1112.csproj", "{9E374803-9C78-46B5-981E-236E63129D3C}"
EndProject
Project("{FAE04EC0-301F-11D3-BF4B-00C04F79EFBC}") = "MessageCenter", "MessageCenter\MessageCenter.csproj", "{25651F6A-5EDA-4184-AF6F-AB4E14369519}"
EndProject
Global
	GlobalSection(SolutionConfigurationPlatforms) = preSolution
		Debug|Any CPU = Debug|Any CPU
		Release|Any CPU = Release|Any CPU
	EndGlobalSection
	GlobalSection(ProjectConfigurationPlatforms) = postSolution
		{427582F4-6599-4401-80B3-B26D8414FF66}.Debug|Any CPU.ActiveCfg = Debug|Any CPU
		{427582F4-6599-4401-80B3-B26D8414FF66}.Debug|Any CPU.Build.0 = Debug|Any CPU
		{427582F4-6599-4401-80B3-B26D8414FF66}.Release|Any CPU.ActiveCfg = Release|Any CPU
		{427582F4-6599-4401-80B3-B26D8414FF66}.Release|Any CPU.Build.0 = Release|Any CPU
		{C4467E37-D433-4937-9B83-8AB2F29D7677}.Debug|Any CPU.ActiveCfg = Debug|Any CPU
		{C4467E37-D433-4937-9B83-8AB2F29D7677}.Debug|Any CPU.Build.0 = Debug|Any CPU
		{C4467E37-D433-4937-9B83-8AB2F29D7677}.Release|Any CPU.ActiveCfg = Release|Any CPU
		{C4467E37-D433-4937-9B83-8AB2F29D7677}.Release|Any CPU.Build.0 = Release|Any CPU
		{A66CBAB4-76A9-4E33-8577-1C410156038A}.Debug|Any CPU.ActiveCfg = Debug|Any CPU
		{A66CBAB4-76A9-4E33-8577-1C410156038A}.Debug|Any CPU.Build.0 = Debug|Any CPU
		{A66CBAB4-76A9-4E33-8577-1C410156038A}.Release|Any CPU.ActiveCfg = Release|Any CPU
		{A66CBAB4-76A9-4E33-8577-1C410156038A}.Release|Any CPU.Build.0 = Release|Any CPU
		{9A457988-07A2-4239-B744-DD60E2899B46}.Debug|Any CPU.ActiveCfg = Debug|Any CPU
		{9A457988-07A2-4239-B744-DD60E2899B46}.Debug|Any CPU.Build.0 = Debug|Any CPU
		{9A457988-07A2-4239-B744-DD60E2899B46}.Release|Any CPU.ActiveCfg = Release|Any CPU
		{9A457988-07A2-4239-B744-DD60E2899B46}.Release|Any CPU.Build.0 = Release|Any CPU
		{6C7A137A-44F0-4DFA-B829-FA5BBBF5489B}.Debug|Any CPU.ActiveCfg = Debug|Any CPU
		{6C7A137A-44F0-4DFA-B829-FA5BBBF5489B}.Debug|Any CPU.Build.0 = Debug|Any CPU
		{6C7A137A-44F0-4DFA-B829-FA5BBBF5489B}.Release|Any CPU.ActiveCfg = Release|Any CPU
		{6C7A137A-44F0-4DFA-B829-FA5BBBF5489B}.Release|Any CPU.Build.0 = Release|Any CPU
		{C045063B-580C-4043-9296-3D1A54952136}.Debug|Any CPU.ActiveCfg = Debug|Any CPU
		{C045063B-580C-4043-9296-3D1A54952136}.Debug|Any CPU.Build.0 = Debug|Any CPU
		{C045063B-580C-4043-9296-3D1A54952136}.Release|Any CPU.ActiveCfg = Release|Any CPU
		{C045063B-580C-4043-9296-3D1A54952136}.Release|Any CPU.Build.0 = Release|Any CPU
		{9CE7EB0B-7619-4659-BD6F-5336DAA102C9}.Debug|Any CPU.ActiveCfg = Debug|Any CPU
		{9CE7EB0B-7619-4659-BD6F-5336DAA102C9}.Debug|Any CPU.Build.0 = Debug|Any CPU
		{9CE7EB0B-7619-4659-BD6F-5336DAA102C9}.Release|Any CPU.ActiveCfg = Release|Any CPU
		{9CE7EB0B-7619-4659-BD6F-5336DAA102C9}.Release|Any CPU.Build.0 = Release|Any CPU
		{37316A09-F4AF-4DAA-8AA9-25E1CB7D0E6E}.Debug|Any CPU.ActiveCfg = Debug
		{37316A09-F4AF-4DAA-8AA9-25E1CB7D0E6E}.Release|Any CPU.ActiveCfg = Release
		{3E6E36F2-0641-4B93-A148-8C616DFDE6E7}.Debug|Any CPU.ActiveCfg = Debug|Any CPU
		{3E6E36F2-0641-4B93-A148-8C616DFDE6E7}.Debug|Any CPU.Build.0 = Debug|Any CPU
		{3E6E36F2-0641-4B93-A148-8C616DFDE6E7}.Release|Any CPU.ActiveCfg = Release|Any CPU
		{3E6E36F2-0641-4B93-A148-8C616DFDE6E7}.Release|Any CPU.Build.0 = Release|Any CPU
		{99606880-7683-42FF-8785-3071ABE5080A}.Debug|Any CPU.ActiveCfg = Debug|Any CPU
		{99606880-7683-42FF-8785-3071ABE5080A}.Debug|Any CPU.Build.0 = Debug|Any CPU
		{99606880-7683-42FF-8785-3071ABE5080A}.Release|Any CPU.ActiveCfg = Release|Any CPU
		{99606880-7683-42FF-8785-3071ABE5080A}.Release|Any CPU.Build.0 = Release|Any CPU
		{9E374803-9C78-46B5-981E-236E63129D3C}.Debug|Any CPU.ActiveCfg = Debug|Any CPU
		{9E374803-9C78-46B5-981E-236E63129D3C}.Debug|Any CPU.Build.0 = Debug|Any CPU
		{9E374803-9C78-46B5-981E-236E63129D3C}.Release|Any CPU.ActiveCfg = Release|Any CPU
		{9E374803-9C78-46B5-981E-236E63129D3C}.Release|Any CPU.Build.0 = Release|Any CPU
		{25651F6A-5EDA-4184-AF6F-AB4E14369519}.Debug|Any CPU.ActiveCfg = Debug|Any CPU
		{25651F6A-5EDA-4184-AF6F-AB4E14369519}.Debug|Any CPU.Build.0 = Debug|Any CPU
		{25651F6A-5EDA-4184-AF6F-AB4E14369519}.Release|Any CPU.ActiveCfg = Release|Any CPU
		{25651F6A-5EDA-4184-AF6F-AB4E14369519}.Release|Any CPU.Build.0 = Release|Any CPU
	EndGlobalSection
	GlobalSection(SolutionProperties) = preSolution
		HideSolutionNode = FALSE
	EndGlobalSection
	GlobalSection(ExtensibilityGlobals) = postSolution
		SolutionGuid = {E0F42BF9-F25F-49E9-B6E4-AD3D10DA16AF}
	EndGlobalSection
EndGlobal
